
Microsoft Visual Studio Solution File, Format Version 12.00
# Visual Studio 15
VisualStudioVersion = 15.0.26124.0
MinimumVisualStudioVersion = 15.0.26124.0
Project("{2150E333-8FDC-42A3-9474-1A3956D46DE8}") = "core", "core", "{15F535C1-621F-4BC2-BF58-DF7B6C3A3F57}"
EndProject
Project("{FAE04EC0-301F-11D3-BF4B-00C04F79EFBC}") = "Xenko.Core", "core\Xenko.Core\Xenko.Core.csproj", "{12EDED1F-F9B3-498B-A7D0-92A9C5AFEBBC}"
EndProject
Project("{FAE04EC0-301F-11D3-BF4B-00C04F79EFBC}") = "Xenko.Core.Mathematics", "core\Xenko.Core.Mathematics\Xenko.Core.Mathematics.csproj", "{10B8B26D-2F53-46C7-B59A-13516B34B6F7}"
EndProject
Project("{FAE04EC0-301F-11D3-BF4B-00C04F79EFBC}") = "Xenko.Core.MicroThreading", "core\Xenko.Core.MicroThreading\Xenko.Core.MicroThreading.csproj", "{662E5345-8EDF-441B-AA73-33037190CB9E}"
EndProject
Global
	GlobalSection(SolutionConfigurationPlatforms) = preSolution
		Debug|Any CPU = Debug|Any CPU
		Debug|x64 = Debug|x64
		Debug|x86 = Debug|x86
		Release|Any CPU = Release|Any CPU
		Release|x64 = Release|x64
		Release|x86 = Release|x86
	EndGlobalSection
	GlobalSection(SolutionProperties) = preSolution
		HideSolutionNode = FALSE
	EndGlobalSection
	GlobalSection(ProjectConfigurationPlatforms) = postSolution
		{12EDED1F-F9B3-498B-A7D0-92A9C5AFEBBC}.Debug|Any CPU.ActiveCfg = Debug|Any CPU
		{12EDED1F-F9B3-498B-A7D0-92A9C5AFEBBC}.Debug|Any CPU.Build.0 = Debug|Any CPU
		{12EDED1F-F9B3-498B-A7D0-92A9C5AFEBBC}.Debug|x64.ActiveCfg = Debug|Any CPU
		{12EDED1F-F9B3-498B-A7D0-92A9C5AFEBBC}.Debug|x64.Build.0 = Debug|Any CPU
		{12EDED1F-F9B3-498B-A7D0-92A9C5AFEBBC}.Debug|x86.ActiveCfg = Debug|Any CPU
		{12EDED1F-F9B3-498B-A7D0-92A9C5AFEBBC}.Debug|x86.Build.0 = Debug|Any CPU
		{12EDED1F-F9B3-498B-A7D0-92A9C5AFEBBC}.Release|Any CPU.ActiveCfg = Release|Any CPU
		{12EDED1F-F9B3-498B-A7D0-92A9C5AFEBBC}.Release|Any CPU.Build.0 = Release|Any CPU
		{12EDED1F-F9B3-498B-A7D0-92A9C5AFEBBC}.Release|x64.ActiveCfg = Release|Any CPU
		{12EDED1F-F9B3-498B-A7D0-92A9C5AFEBBC}.Release|x64.Build.0 = Release|Any CPU
		{12EDED1F-F9B3-498B-A7D0-92A9C5AFEBBC}.Release|x86.ActiveCfg = Release|Any CPU
		{12EDED1F-F9B3-498B-A7D0-92A9C5AFEBBC}.Release|x86.Build.0 = Release|Any CPU
		{10B8B26D-2F53-46C7-B59A-13516B34B6F7}.Debug|Any CPU.ActiveCfg = Debug|Any CPU
		{10B8B26D-2F53-46C7-B59A-13516B34B6F7}.Debug|Any CPU.Build.0 = Debug|Any CPU
		{10B8B26D-2F53-46C7-B59A-13516B34B6F7}.Debug|x64.ActiveCfg = Debug|Any CPU
		{10B8B26D-2F53-46C7-B59A-13516B34B6F7}.Debug|x64.Build.0 = Debug|Any CPU
		{10B8B26D-2F53-46C7-B59A-13516B34B6F7}.Debug|x86.ActiveCfg = Debug|Any CPU
		{10B8B26D-2F53-46C7-B59A-13516B34B6F7}.Debug|x86.Build.0 = Debug|Any CPU
		{10B8B26D-2F53-46C7-B59A-13516B34B6F7}.Release|Any CPU.ActiveCfg = Release|Any CPU
		{10B8B26D-2F53-46C7-B59A-13516B34B6F7}.Release|Any CPU.Build.0 = Release|Any CPU
		{10B8B26D-2F53-46C7-B59A-13516B34B6F7}.Release|x64.ActiveCfg = Release|Any CPU
		{10B8B26D-2F53-46C7-B59A-13516B34B6F7}.Release|x64.Build.0 = Release|Any CPU
		{10B8B26D-2F53-46C7-B59A-13516B34B6F7}.Release|x86.ActiveCfg = Release|Any CPU
		{10B8B26D-2F53-46C7-B59A-13516B34B6F7}.Release|x86.Build.0 = Release|Any CPU
		{662E5345-8EDF-441B-AA73-33037190CB9E}.Debug|Any CPU.ActiveCfg = Debug|Any CPU
		{662E5345-8EDF-441B-AA73-33037190CB9E}.Debug|Any CPU.Build.0 = Debug|Any CPU
		{662E5345-8EDF-441B-AA73-33037190CB9E}.Debug|x64.ActiveCfg = Debug|Any CPU
		{662E5345-8EDF-441B-AA73-33037190CB9E}.Debug|x64.Build.0 = Debug|Any CPU
		{662E5345-8EDF-441B-AA73-33037190CB9E}.Debug|x86.ActiveCfg = Debug|Any CPU
		{662E5345-8EDF-441B-AA73-33037190CB9E}.Debug|x86.Build.0 = Debug|Any CPU
		{662E5345-8EDF-441B-AA73-33037190CB9E}.Release|Any CPU.ActiveCfg = Release|Any CPU
		{662E5345-8EDF-441B-AA73-33037190CB9E}.Release|Any CPU.Build.0 = Release|Any CPU
		{662E5345-8EDF-441B-AA73-33037190CB9E}.Release|x64.ActiveCfg = Release|Any CPU
		{662E5345-8EDF-441B-AA73-33037190CB9E}.Release|x64.Build.0 = Release|Any CPU
		{662E5345-8EDF-441B-AA73-33037190CB9E}.Release|x86.ActiveCfg = Release|Any CPU
		{662E5345-8EDF-441B-AA73-33037190CB9E}.Release|x86.Build.0 = Release|Any CPU
	EndGlobalSection
	GlobalSection(NestedProjects) = preSolution
		{12EDED1F-F9B3-498B-A7D0-92A9C5AFEBBC} = {15F535C1-621F-4BC2-BF58-DF7B6C3A3F57}
		{10B8B26D-2F53-46C7-B59A-13516B34B6F7} = {15F535C1-621F-4BC2-BF58-DF7B6C3A3F57}
		{662E5345-8EDF-441B-AA73-33037190CB9E} = {15F535C1-621F-4BC2-BF58-DF7B6C3A3F57}
	EndGlobalSection
EndGlobal
